
Microsoft Visual Studio Solution File, Format Version 12.00
# Visual Studio Version 17
VisualStudioVersion = 17.9.34622.214
MinimumVisualStudioVersion = 10.0.40219.1
Project("{FAE04EC0-301F-11D3-BF4B-00C04F79EFBC}") = "SalarioCalc", "SalarioCalc\SalarioCalc.csproj", "{574009ED-88C3-4383-B0A4-61488685666A}"
EndProject
Project("{FAE04EC0-301F-11D3-BF4B-00C04F79EFBC}") = "FuncSala", "FuncSala\FuncSala.csproj", "{EF4BF9E3-BCBD-4D6A-AE8F-F79E3C381FCD}"
EndProject
Global
	GlobalSection(SolutionConfigurationPlatforms) = preSolution
		Debug|Any CPU = Debug|Any CPU
		Release|Any CPU = Release|Any CPU
	EndGlobalSection
	GlobalSection(ProjectConfigurationPlatforms) = postSolution
		{574009ED-88C3-4383-B0A4-61488685666A}.Debug|Any CPU.ActiveCfg = Debug|Any CPU
		{574009ED-88C3-4383-B0A4-61488685666A}.Debug|Any CPU.Build.0 = Debug|Any CPU
		{574009ED-88C3-4383-B0A4-61488685666A}.Release|Any CPU.ActiveCfg = Release|Any CPU
		{574009ED-88C3-4383-B0A4-61488685666A}.Release|Any CPU.Build.0 = Release|Any CPU
		{EF4BF9E3-BCBD-4D6A-AE8F-F79E3C381FCD}.Debug|Any CPU.ActiveCfg = Debug|Any CPU
		{EF4BF9E3-BCBD-4D6A-AE8F-F79E3C381FCD}.Debug|Any CPU.Build.0 = Debug|Any CPU
		{EF4BF9E3-BCBD-4D6A-AE8F-F79E3C381FCD}.Release|Any CPU.ActiveCfg = Release|Any CPU
		{EF4BF9E3-BCBD-4D6A-AE8F-F79E3C381FCD}.Release|Any CPU.Build.0 = Release|Any CPU
	EndGlobalSection
	GlobalSection(SolutionProperties) = preSolution
		HideSolutionNode = FALSE
	EndGlobalSection
	GlobalSection(ExtensibilityGlobals) = postSolution
		SolutionGuid = {1E6274C1-47D4-477D-8D43-78A156F7698B}
	EndGlobalSection
EndGlobal
